Microsoft Visual Studio Solution File, Format Version 12.00
# Visual Studio Version 16
VisualStudioVersion = 16.0.30413.136
MinimumVisualStudioVersion = 10.0.40219.1
Project("{FAE04EC0-301F-11D3-BF4B-00C04F79EFBC}") = "Softfire.MonoGame.UTESTS", "Softfire.MonoGame.UTESTS\Softfire.MonoGame.UTESTS.csproj", "{BF60F748-AB02-47B2-BDCF-20BE64A47E51}"
EndProject
Project("{9A19103F-16F7-4668-BE54-9A1E7A4F7556}") = "Softfire.MonoGame.IO.V2", "Softfire.MonoGame.IO.V2\Softfire.MonoGame.IO.V2.csproj", "{FF0D018E-D640-407F-891B-E297BEFA3C69}"
EndProject
Project("{9A19103F-16F7-4668-BE54-9A1E7A4F7556}") = "Softfire.MonoGame.CORE.V2", "Softfire.MonoGame.CORE.V2\Softfire.MonoGame.CORE.V2.csproj", "{4428C8B1-1E03-433D-8952-7342BC846F25}"
EndProject
Project("{9A19103F-16F7-4668-BE54-9A1E7A4F7556}") = "Softfire.MonoGame.ANIM.V2", "Softfire.MonoGame.ANIM.V2\Softfire.MonoGame.ANIM.V2.csproj", "{01CB4EC2-148D-40CA-8482-7C0588E1BD4E}"
EndProject
Project("{9A19103F-16F7-4668-BE54-9A1E7A4F7556}") = "Softfire.MonoGame.CD.V2", "Softfire.MonoGame.CD.V2\Softfire.MonoGame.CD.V2.csproj", "{C96188D5-CAC0-4C89-AF14-7252FE56FF0F}"
EndProject
Project("{9A19103F-16F7-4668-BE54-9A1E7A4F7556}") = "Softfire.MonoGame.LOG.V2", "Softfire.MonoGame.LOG.V2\Softfire.MonoGame.LOG.V2.csproj", "{1A8465CF-45BB-4139-BBAA-4869C93150F7}"
EndProject
Project("{9A19103F-16F7-4668-BE54-9A1E7A4F7556}") = "Softfire.MonoGame.NTWK.V2", "Softfire.MonoGame.NTWK.V2\Softfire.MonoGame.NTWK.V2.csproj", "{EFF40863-DA1C-4F6B-A59C-45C3F83DF323}"
EndProject
Project("{9A19103F-16F7-4668-BE54-9A1E7A4F7556}") = "Softfire.MonoGame.SM.V2", "Softfire.MonoGame.SM.V2\Softfire.MonoGame.SM.V2.csproj", "{C5396D80-0691-4A9E-B071-E6C4C3173C42}"
EndProject
Project("{9A19103F-16F7-4668-BE54-9A1E7A4F7556}") = "Softfire.MonoGame.SND.V2", "Softfire.MonoGame.SND.V2\Softfire.MonoGame.SND.V2.csproj", "{78FDFE46-A32B-419E-BFDE-13D935049A6D}"
EndProject
Project("{9A19103F-16F7-4668-BE54-9A1E7A4F7556}") = "Softfire.MonoGame.UI.V2", "Softfire.MonoGame.UI.V2\Softfire.MonoGame.UI.V2.csproj", "{6DF7C269-66A4-4E8C-9D48-E80BF9F64772}"
EndProject
Project("{9A19103F-16F7-4668-BE54-9A1E7A4F7556}") = "Softfire.MonoGame.Demos.ANIM.OpenGL", "Softfire.MonoGame.ANIM.Demos.OpenGL\Softfire.MonoGame.Demos.ANIM.OpenGL.csproj", "{311D4742-814B-4A1F-A984-202707D47EEC}"
EndProject
Project("{9A19103F-16F7-4668-BE54-9A1E7A4F7556}") = "Softfire.MonoGame.Demos.ANIM.WinDX.V2", "Softfire.MonoGame.ANIM.Demos.WinDX.V2\Softfire.MonoGame.Demos.ANIM.WinDX.V2.csproj", "{9F9CFA37-D6B5-4029-A501-D4921AC21BE4}"
EndProject
Project("{9A19103F-16F7-4668-BE54-9A1E7A4F7556}") = "Softfire.MonoGame.Demos.UI.WinDX", "Softfire.MonoGame.Demos.UI.WinDX\Softfire.MonoGame.Demos.UI.WinDX.csproj", "{3E003988-6310-4FF1-9A5A-84C8867D5A21}"
EndProject
Project("{9A19103F-16F7-4668-BE54-9A1E7A4F7556}") = "Softfire.MonoGame.DB.V2", "Softfire.MonoGame.DB.V2\Softfire.MonoGame.DB.V2.csproj", "{C0AE75B2-DBF8-43E5-AFE3-366BD8075655}"
EndProject
Project("{FAE04EC0-301F-11D3-BF4B-00C04F79EFBC}") = "Softfire.MonoGame.Demos.PHYS.WinDX.V2", "Softfire.MonoGame.Demos.PHYS.WinDX.V2\Softfire.MonoGame.Demos.PHYS.WinDX.V2.csproj", "{B327F652-A583-4A20-9B72-36856D239223}"
EndProject
Global
	GlobalSection(SolutionConfigurationPlatforms) = preSolution
		Debug|Any CPU = Debug|Any CPU
		Debug|x64 = Debug|x64
		Debug|x86 = Debug|x86
		Release|Any CPU = Release|Any CPU
		Release|x64 = Release|x64
		Release|x86 = Release|x86
	EndGlobalSection
	GlobalSection(ProjectConfigurationPlatforms) = postSolution
		{BF60F748-AB02-47B2-BDCF-20BE64A47E51}.Debug|Any CPU.ActiveCfg = Debug|Any CPU
		{BF60F748-AB02-47B2-BDCF-20BE64A47E51}.Debug|x64.ActiveCfg = Debug|x64
		{BF60F748-AB02-47B2-BDCF-20BE64A47E51}.Debug|x86.ActiveCfg = Debug|x86
		{BF60F748-AB02-47B2-BDCF-20BE64A47E51}.Release|Any CPU.ActiveCfg = Release|Any CPU
		{BF60F748-AB02-47B2-BDCF-20BE64A47E51}.Release|x64.ActiveCfg = Release|x64
		{BF60F748-AB02-47B2-BDCF-20BE64A47E51}.Release|x86.ActiveCfg = Release|x86
		{FF0D018E-D640-407F-891B-E297BEFA3C69}.Debug|Any CPU.ActiveCfg = Debug|Any CPU
		{FF0D018E-D640-407F-891B-E297BEFA3C69}.Debug|Any CPU.Build.0 = Debug|Any CPU
		{FF0D018E-D640-407F-891B-E297BEFA3C69}.Debug|x64.ActiveCfg = Debug|Any CPU
		{FF0D018E-D640-407F-891B-E297BEFA3C69}.Debug|x64.Build.0 = Debug|Any CPU
		{FF0D018E-D640-407F-891B-E297BEFA3C69}.Debug|x86.ActiveCfg = Debug|Any CPU
		{FF0D018E-D640-407F-891B-E297BEFA3C69}.Debug|x86.Build.0 = Debug|Any CPU
		{FF0D018E-D640-407F-891B-E297BEFA3C69}.Release|Any CPU.ActiveCfg = Release|Any CPU
		{FF0D018E-D640-407F-891B-E297BEFA3C69}.Release|Any CPU.Build.0 = Release|Any CPU
		{FF0D018E-D640-407F-891B-E297BEFA3C69}.Release|x64.ActiveCfg = Release|Any CPU
		{FF0D018E-D640-407F-891B-E297BEFA3C69}.Release|x64.Build.0 = Release|Any CPU
		{FF0D018E-D640-407F-891B-E297BEFA3C69}.Release|x86.ActiveCfg = Release|Any CPU
		{FF0D018E-D640-407F-891B-E297BEFA3C69}.Release|x86.Build.0 = Release|Any CPU
		{4428C8B1-1E03-433D-8952-7342BC846F25}.Debug|Any CPU.ActiveCfg = Debug|Any CPU
		{4428C8B1-1E03-433D-8952-7342BC846F25}.Debug|Any CPU.Build.0 = Debug|Any CPU
		{4428C8B1-1E03-433D-8952-7342BC846F25}.Debug|x64.ActiveCfg = Debug|Any CPU
		{4428C8B1-1E03-433D-8952-7342BC846F25}.Debug|x64.Build.0 = Debug|Any CPU
		{4428C8B1-1E03-433D-8952-7342BC846F25}.Debug|x86.ActiveCfg = Debug|Any CPU
		{4428C8B1-1E03-433D-8952-7342BC846F25}.Debug|x86.Build.0 = Debug|Any CPU
		{4428C8B1-1E03-433D-8952-7342BC846F25}.Release|Any CPU.ActiveCfg = Release|Any CPU
		{4428C8B1-1E03-433D-8952-7342BC846F25}.Release|Any CPU.Build.0 = Release|Any CPU
		{4428C8B1-1E03-433D-8952-7342BC846F25}.Release|x64.ActiveCfg = Release|Any CPU
		{4428C8B1-1E03-433D-8952-7342BC846F25}.Release|x64.Build.0 = Release|Any CPU
		{4428C8B1-1E03-433D-8952-7342BC846F25}.Release|x86.ActiveCfg = Release|Any CPU
		{4428C8B1-1E03-433D-8952-7342BC846F25}.Release|x86.Build.0 = Release|Any CPU
		{01CB4EC2-148D-40CA-8482-7C0588E1BD4E}.Debug|Any CPU.ActiveCfg = Debug|Any CPU
		{01CB4EC2-148D-40CA-8482-7C0588E1BD4E}.Debug|Any CPU.Build.0 = Debug|Any CPU
		{01CB4EC2-148D-40CA-8482-7C0588E1BD4E}.Debug|x64.ActiveCfg = Debug|Any CPU
		{01CB4EC2-148D-40CA-8482-7C0588E1BD4E}.Debug|x64.Build.0 = Debug|Any CPU
		{01CB4EC2-148D-40CA-8482-7C0588E1BD4E}.Debug|x86.ActiveCfg = Debug|Any CPU
		{01CB4EC2-148D-40CA-8482-7C0588E1BD4E}.Debug|x86.Build.0 = Debug|Any CPU
		{01CB4EC2-148D-40CA-8482-7C0588E1BD4E}.Release|Any CPU.ActiveCfg = Release|Any CPU
		{01CB4EC2-148D-40CA-8482-7C0588E1BD4E}.Release|Any CPU.Build.0 = Release|Any CPU
		{01CB4EC2-148D-40CA-8482-7C0588E1BD4E}.Release|x64.ActiveCfg = Release|Any CPU
		{01CB4EC2-148D-40CA-8482-7C0588E1BD4E}.Release|x64.Build.0 = Release|Any CPU
		{01CB4EC2-148D-40CA-8482-7C0588E1BD4E}.Release|x86.ActiveCfg = Release|Any CPU
		{01CB4EC2-148D-40CA-8482-7C0588E1BD4E}.Release|x86.Build.0 = Release|Any CPU
		{C96188D5-CAC0-4C89-AF14-7252FE56FF0F}.Debug|Any CPU.ActiveCfg = Debug|Any CPU
		{C96188D5-CAC0-4C89-AF14-7252FE56FF0F}.Debug|Any CPU.Build.0 = Debug|Any CPU
		{C96188D5-CAC0-4C89-AF14-7252FE56FF0F}.Debug|x64.ActiveCfg = Debug|Any CPU
		{C96188D5-CAC0-4C89-AF14-7252FE56FF0F}.Debug|x64.Build.0 = Debug|Any CPU
		{C96188D5-CAC0-4C89-AF14-7252FE56FF0F}.Debug|x86.ActiveCfg = Debug|Any CPU
		{C96188D5-CAC0-4C89-AF14-7252FE56FF0F}.Debug|x86.Build.0 = Debug|Any CPU
		{C96188D5-CAC0-4C89-AF14-7252FE56FF0F}.Release|Any CPU.ActiveCfg = Release|Any CPU
		{C96188D5-CAC0-4C89-AF14-7252FE56FF0F}.Release|Any CPU.Build.0 = Release|Any CPU
		{C96188D5-CAC0-4C89-AF14-7252FE56FF0F}.Release|x64.ActiveCfg = Release|Any CPU
		{C96188D5-CAC0-4C89-AF14-7252FE56FF0F}.Release|x64.Build.0 = Release|Any CPU
		{C96188D5-CAC0-4C89-AF14-7252FE56FF0F}.Release|x86.ActiveCfg = Release|Any CPU
		{C96188D5-CAC0-4C89-AF14-7252FE56FF0F}.Release|x86.Build.0 = Release|Any CPU
		{1A8465CF-45BB-4139-BBAA-4869C93150F7}.Debug|Any CPU.ActiveCfg = Debug|Any CPU
		{1A8465CF-45BB-4139-BBAA-4869C93150F7}.Debug|Any CPU.Build.0 = Debug|Any CPU
		{1A8465CF-45BB-4139-BBAA-4869C93150F7}.Debug|x64.ActiveCfg = Debug|Any CPU
		{1A8465CF-45BB-4139-BBAA-4869C93150F7}.Debug|x64.Build.0 = Debug|Any CPU
		{1A8465CF-45BB-4139-BBAA-4869C93150F7}.Debug|x86.ActiveCfg = Debug|Any CPU
		{1A8465CF-45BB-4139-BBAA-4869C93150F7}.Debug|x86.Build.0 = Debug|Any CPU
		{1A8465CF-45BB-4139-BBAA-4869C93150F7}.Release|Any CPU.ActiveCfg = Release|Any CPU
		{1A8465CF-45BB-4139-BBAA-4869C93150F7}.Release|Any CPU.Build.0 = Release|Any CPU
		{1A8465CF-45BB-4139-BBAA-4869C93150F7}.Release|x64.ActiveCfg = Release|Any CPU
		{1A8465CF-45BB-4139-BBAA-4869C93150F7}.Release|x64.Build.0 = Release|Any CPU
		{1A8465CF-45BB-4139-BBAA-4869C93150F7}.Release|x86.ActiveCfg = Release|Any CPU
		{1A8465CF-45BB-4139-BBAA-4869C93150F7}.Release|x86.Build.0 = Release|Any CPU
		{EFF40863-DA1C-4F6B-A59C-45C3F83DF323}.Debug|Any CPU.ActiveCfg = Debug|Any CPU
		{EFF40863-DA1C-4F6B-A59C-45C3F83DF323}.Debug|Any CPU.Build.0 = Debug|Any CPU
		{EFF40863-DA1C-4F6B-A59C-45C3F83DF323}.Debug|x64.ActiveCfg = Debug|Any CPU
		{EFF40863-DA1C-4F6B-A59C-45C3F83DF323}.Debug|x64.Build.0 = Debug|Any CPU
		{EFF40863-DA1C-4F6B-A59C-45C3F83DF323}.Debug|x86.ActiveCfg = Debug|Any CPU
		{EFF40863-DA1C-4F6B-A59C-45C3F83DF323}.Debug|x86.Build.0 = Debug|Any CPU
		{EFF40863-DA1C-4F6B-A59C-45C3F83DF323}.Release|Any CPU.ActiveCfg = Release|Any CPU
		{EFF40863-DA1C-4F6B-A59C-45C3F83DF323}.Release|Any CPU.Build.0 = Release|Any CPU
		{EFF40863-DA1C-4F6B-A59C-45C3F83DF323}.Release|x64.ActiveCfg = Release|Any CPU
		{EFF40863-DA1C-4F6B-A59C-45C3F83DF323}.Release|x64.Build.0 = Release|Any CPU
		{EFF40863-DA1C-4F6B-A59C-45C3F83DF323}.Release|x86.ActiveCfg = Release|Any CPU
		{EFF40863-DA1C-4F6B-A59C-45C3F83DF323}.Release|x86.Build.0 = Release|Any CPU
		{C5396D80-0691-4A9E-B071-E6C4C3173C42}.Debug|Any CPU.ActiveCfg = Debug|Any CPU
		{C5396D80-0691-4A9E-B071-E6C4C3173C42}.Debug|Any CPU.Build.0 = Debug|Any CPU
		{C5396D80-0691-4A9E-B071-E6C4C3173C42}.Debug|x64.ActiveCfg = Debug|Any CPU
		{C5396D80-0691-4A9E-B071-E6C4C3173C42}.Debug|x64.Build.0 = Debug|Any CPU
		{C5396D80-0691-4A9E-B071-E6C4C3173C42}.Debug|x86.ActiveCfg = Debug|Any CPU
		{C5396D80-0691-4A9E-B071-E6C4C3173C42}.Debug|x86.Build.0 = Debug|Any CPU
		{C5396D80-0691-4A9E-B071-E6C4C3173C42}.Release|Any CPU.ActiveCfg = Release|Any CPU
		{C5396D80-0691-4A9E-B071-E6C4C3173C42}.Release|Any CPU.Build.0 = Release|Any CPU
		{C5396D80-0691-4A9E-B071-E6C4C3173C42}.Release|x64.ActiveCfg = Release|Any CPU
		{C5396D80-0691-4A9E-B071-E6C4C3173C42}.Release|x64.Build.0 = Release|Any CPU
		{C5396D80-0691-4A9E-B071-E6C4C3173C42}.Release|x86.ActiveCfg = Release|Any CPU
		{C5396D80-0691-4A9E-B071-E6C4C3173C42}.Release|x86.Build.0 = Release|Any CPU
		{78FDFE46-A32B-419E-BFDE-13D935049A6D}.Debug|Any CPU.ActiveCfg = Debug|Any CPU
		{78FDFE46-A32B-419E-BFDE-13D935049A6D}.Debug|Any CPU.Build.0 = Debug|Any CPU
		{78FDFE46-A32B-419E-BFDE-13D935049A6D}.Debug|x64.ActiveCfg = Debug|Any CPU
		{78FDFE46-A32B-419E-BFDE-13D935049A6D}.Debug|x64.Build.0 = Debug|Any CPU
		{78FDFE46-A32B-419E-BFDE-13D935049A6D}.Debug|x86.ActiveCfg = Debug|Any CPU
		{78FDFE46-A32B-419E-BFDE-13D935049A6D}.Debug|x86.Build.0 = Debug|Any CPU
		{78FDFE46-A32B-419E-BFDE-13D935049A6D}.Release|Any CPU.ActiveCfg = Release|Any CPU
		{78FDFE46-A32B-419E-BFDE-13D935049A6D}.Release|Any CPU.Build.0 = Release|Any CPU
		{78FDFE46-A32B-419E-BFDE-13D935049A6D}.Release|x64.ActiveCfg = Release|Any CPU
		{78FDFE46-A32B-419E-BFDE-13D935049A6D}.Release|x64.Build.0 = Release|Any CPU
		{78FDFE46-A32B-419E-BFDE-13D935049A6D}.Release|x86.ActiveCfg = Release|Any CPU
		{78FDFE46-A32B-419E-BFDE-13D935049A6D}.Release|x86.Build.0 = Release|Any CPU
		{6DF7C269-66A4-4E8C-9D48-E80BF9F64772}.Debug|Any CPU.ActiveCfg = Debug|Any CPU
		{6DF7C269-66A4-4E8C-9D48-E80BF9F64772}.Debug|Any CPU.Build.0 = Debug|Any CPU
		{6DF7C269-66A4-4E8C-9D48-E80BF9F64772}.Debug|x64.ActiveCfg = Debug|Any CPU
		{6DF7C269-66A4-4E8C-9D48-E80BF9F64772}.Debug|x64.Build.0 = Debug|Any CPU
		{6DF7C269-66A4-4E8C-9D48-E80BF9F64772}.Debug|x86.ActiveCfg = Debug|Any CPU
		{6DF7C269-66A4-4E8C-9D48-E80BF9F64772}.Debug|x86.Build.0 = Debug|Any CPU
		{6DF7C269-66A4-4E8C-9D48-E80BF9F64772}.Release|Any CPU.ActiveCfg = Release|Any CPU
		{6DF7C269-66A4-4E8C-9D48-E80BF9F64772}.Release|Any CPU.Build.0 = Release|Any CPU
		{6DF7C269-66A4-4E8C-9D48-E80BF9F64772}.Release|x64.ActiveCfg = Release|Any CPU
		{6DF7C269-66A4-4E8C-9D48-E80BF9F64772}.Release|x64.Build.0 = Release|Any CPU
		{6DF7C269-66A4-4E8C-9D48-E80BF9F64772}.Release|x86.ActiveCfg = Release|Any CPU
		{6DF7C269-66A4-4E8C-9D48-E80BF9F64772}.Release|x86.Build.0 = Release|Any CPU
		{311D4742-814B-4A1F-A984-202707D47EEC}.Debug|Any CPU.ActiveCfg = Debug|Any CPU
		{311D4742-814B-4A1F-A984-202707D47EEC}.Debug|Any CPU.Build.0 = Debug|Any CPU
		{311D4742-814B-4A1F-A984-202707D47EEC}.Debug|x64.ActiveCfg = Debug|Any CPU
		{311D4742-814B-4A1F-A984-202707D47EEC}.Debug|x64.Build.0 = Debug|Any CPU
		{311D4742-814B-4A1F-A984-202707D47EEC}.Debug|x86.ActiveCfg = Debug|Any CPU
		{311D4742-814B-4A1F-A984-202707D47EEC}.Debug|x86.Build.0 = Debug|Any CPU
		{311D4742-814B-4A1F-A984-202707D47EEC}.Release|Any CPU.ActiveCfg = Release|Any CPU
		{311D4742-814B-4A1F-A984-202707D47EEC}.Release|Any CPU.Build.0 = Release|Any CPU
		{311D4742-814B-4A1F-A984-202707D47EEC}.Release|x64.ActiveCfg = Release|Any CPU
		{311D4742-814B-4A1F-A984-202707D47EEC}.Release|x64.Build.0 = Release|Any CPU
		{311D4742-814B-4A1F-A984-202707D47EEC}.Release|x86.ActiveCfg = Release|Any CPU
		{311D4742-814B-4A1F-A984-202707D47EEC}.Release|x86.Build.0 = Release|Any CPU
		{9F9CFA37-D6B5-4029-A501-D4921AC21BE4}.Debug|Any CPU.ActiveCfg = Debug|Any CPU
		{9F9CFA37-D6B5-4029-A501-D4921AC21BE4}.Debug|Any CPU.Build.0 = Debug|Any CPU
		{9F9CFA37-D6B5-4029-A501-D4921AC21BE4}.Debug|x64.ActiveCfg = Debug|Any CPU
		{9F9CFA37-D6B5-4029-A501-D4921AC21BE4}.Debug|x64.Build.0 = Debug|Any CPU
		{9F9CFA37-D6B5-4029-A501-D4921AC21BE4}.Debug|x86.ActiveCfg = Debug|Any CPU
		{9F9CFA37-D6B5-4029-A501-D4921AC21BE4}.Debug|x86.Build.0 = Debug|Any CPU
		{9F9CFA37-D6B5-4029-A501-D4921AC21BE4}.Release|Any CPU.ActiveCfg = Release|Any CPU
		{9F9CFA37-D6B5-4029-A501-D4921AC21BE4}.Release|Any CPU.Build.0 = Release|Any CPU
		{9F9CFA37-D6B5-4029-A501-D4921AC21BE4}.Release|x64.ActiveCfg = Release|Any CPU
		{9F9CFA37-D6B5-4029-A501-D4921AC21BE4}.Release|x64.Build.0 = Release|Any CPU
		{9F9CFA37-D6B5-4029-A501-D4921AC21BE4}.Release|x86.ActiveCfg = Release|Any CPU
		{9F9CFA37-D6B5-4029-A501-D4921AC21BE4}.Release|x86.Build.0 = Release|Any CPU
		{3E003988-6310-4FF1-9A5A-84C8867D5A21}.Debug|Any CPU.ActiveCfg = Debug|Any CPU
		{3E003988-6310-4FF1-9A5A-84C8867D5A21}.Debug|Any CPU.Build.0 = Debug|Any CPU
		{3E003988-6310-4FF1-9A5A-84C8867D5A21}.Debug|x64.ActiveCfg = Debug|Any CPU
		{3E003988-6310-4FF1-9A5A-84C8867D5A21}.Debug|x64.Build.0 = Debug|Any CPU
		{3E003988-6310-4FF1-9A5A-84C8867D5A21}.Debug|x86.ActiveCfg = Debug|Any CPU
		{3E003988-6310-4FF1-9A5A-84C8867D5A21}.Debug|x86.Build.0 = Debug|Any CPU
		{3E003988-6310-4FF1-9A5A-84C8867D5A21}.Release|Any CPU.ActiveCfg = Release|Any CPU
		{3E003988-6310-4FF1-9A5A-84C8867D5A21}.Release|Any CPU.Build.0 = Release|Any CPU
		{3E003988-6310-4FF1-9A5A-84C8867D5A21}.Release|x64.ActiveCfg = Release|Any CPU
		{3E003988-6310-4FF1-9A5A-84C8867D5A21}.Release|x64.Build.0 = Release|Any CPU
		{3E003988-6310-4FF1-9A5A-84C8867D5A21}.Release|x86.ActiveCfg = Release|Any CPU
		{3E003988-6310-4FF1-9A5A-84C8867D5A21}.Release|x86.Build.0 = Release|Any CPU
		{C0AE75B2-DBF8-43E5-AFE3-366BD8075655}.Debug|Any CPU.ActiveCfg = Debug|Any CPU
		{C0AE75B2-DBF8-43E5-AFE3-366BD8075655}.Debug|Any CPU.Build.0 = Debug|Any CPU
		{C0AE75B2-DBF8-43E5-AFE3-366BD8075655}.Debug|x64.ActiveCfg = Debug|Any CPU
		{C0AE75B2-DBF8-43E5-AFE3-366BD8075655}.Debug|x64.Build.0 = Debug|Any CPU
		{C0AE75B2-DBF8-43E5-AFE3-366BD8075655}.Debug|x86.ActiveCfg = Debug|Any CPU
		{C0AE75B2-DBF8-43E5-AFE3-366BD8075655}.Debug|x86.Build.0 = Debug|Any CPU
		{C0AE75B2-DBF8-43E5-AFE3-366BD8075655}.Release|Any CPU.ActiveCfg = Release|Any CPU
		{C0AE75B2-DBF8-43E5-AFE3-366BD8075655}.Release|Any CPU.Build.0 = Release|Any CPU
		{C0AE75B2-DBF8-43E5-AFE3-366BD8075655}.Release|x64.ActiveCfg = Release|Any CPU
		{C0AE75B2-DBF8-43E5-AFE3-366BD8075655}.Release|x64.Build.0 = Release|Any CPU
		{C0AE75B2-DBF8-43E5-AFE3-366BD8075655}.Release|x86.ActiveCfg = Release|Any CPU
		{C0AE75B2-DBF8-43E5-AFE3-366BD8075655}.Release|x86.Build.0 = Release|Any CPU
		{B327F652-A583-4A20-9B72-36856D239223}.Debug|Any CPU.ActiveCfg = Debug|Any CPU
		{B327F652-A583-4A20-9B72-36856D239223}.Debug|Any CPU.Build.0 = Debug|Any CPU
		{B327F652-A583-4A20-9B72-36856D239223}.Debug|x64.ActiveCfg = Debug|Any CPU
		{B327F652-A583-4A20-9B72-36856D239223}.Debug|x64.Build.0 = Debug|Any CPU
		{B327F652-A583-4A20-9B72-36856D239223}.Debug|x86.ActiveCfg = Debug|Any CPU
		{B327F652-A583-4A20-9B72-36856D239223}.Debug|x86.Build.0 = Debug|Any CPU
		{B327F652-A583-4A20-9B72-36856D239223}.Release|Any CPU.ActiveCfg = Release|Any CPU
		{B327F652-A583-4A20-9B72-36856D239223}.Release|Any CPU.Build.0 = Release|Any CPU
		{B327F652-A583-4A20-9B72-36856D239223}.Release|x64.ActiveCfg = Release|Any CPU
		{B327F652-A583-4A20-9B72-36856D239223}.Release|x64.Build.0 = Release|Any CPU
		{B327F652-A583-4A20-9B72-36856D239223}.Release|x86.ActiveCfg = Release|Any CPU
		{B327F652-A583-4A20-9B72-36856D239223}.Release|x86.Build.0 = Release|Any CPU
	EndGlobalSection
	GlobalSection(SolutionProperties) = preSolution
		HideSolutionNode = FALSE
	EndGlobalSection
	GlobalSection(ExtensibilityGlobals) = postSolution
		SolutionGuid = {875C3FB8-2EA0-49AE-8AB5-35A0056549E6}
	EndGlobalSection
EndGlobal
