Microsoft Visual Studio Solution File, Format Version 12.00
# Visual Studio Version 16
VisualStudioVersion = 16.0.30413.136
MinimumVisualStudioVersion = 10.0.40219.1
Project("{FAE04EC0-301F-11D3-BF4B-00C04F79EFBC}") = "Softfire.MonoGame.IO", "Softfire.MonoGame.IO\Softfire.MonoGame.IO.csproj", "{63D97004-2425-493C-B65B-D5A590941C6F}"
	ProjectSection(ProjectDependencies) = postProject
		{E05C489F-7628-4F22-99CC-0CB0A1DC9891} = {E05C489F-7628-4F22-99CC-0CB0A1DC9891}
	EndProjectSection
EndProject
Project("{FAE04EC0-301F-11D3-BF4B-00C04F79EFBC}") = "Softfire.MonoGame.CD", "Softfire.MonoGame.CD\Softfire.MonoGame.CD.csproj", "{6E6FABC0-9C17-4517-A53B-A958FBE16E60}"
EndProject
Project("{FAE04EC0-301F-11D3-BF4B-00C04F79EFBC}") = "Softfire.MonoGame.ANIM", "Softfire.MonoGame.ANIM\Softfire.MonoGame.ANIM.csproj", "{E05C489F-7628-4F22-99CC-0CB0A1DC9891}"
EndProject
Project("{FAE04EC0-301F-11D3-BF4B-00C04F79EFBC}") = "Softfire.MonoGame.UI", "Softfire.MonoGame.UI\Softfire.MonoGame.UI.csproj", "{BAFE0549-3FE1-4F11-B03C-C6BD19D1816A}"
EndProject
Project("{FAE04EC0-301F-11D3-BF4B-00C04F79EFBC}") = "Softfire.MonoGame.UTESTS", "Softfire.MonoGame.UTESTS\Softfire.MonoGame.UTESTS.csproj", "{BF60F748-AB02-47B2-BDCF-20BE64A47E51}"
	ProjectSection(ProjectDependencies) = postProject
		{63D97004-2425-493C-B65B-D5A590941C6F} = {63D97004-2425-493C-B65B-D5A590941C6F}
		{5F3B52BB-03D7-4874-A172-C28206D3CD62} = {5F3B52BB-03D7-4874-A172-C28206D3CD62}
	EndProjectSection
EndProject
Project("{FAE04EC0-301F-11D3-BF4B-00C04F79EFBC}") = "Softfire.MonoGame.NTWK", "Softfire.MonoGame.NTWK\Softfire.MonoGame.NTWK.csproj", "{5F3B52BB-03D7-4874-A172-C28206D3CD62}"
	ProjectSection(ProjectDependencies) = postProject
		{D37BC69E-3C06-4B1D-8AB5-B856C51490AA} = {D37BC69E-3C06-4B1D-8AB5-B856C51490AA}
	EndProjectSection
EndProject
Project("{FAE04EC0-301F-11D3-BF4B-00C04F79EFBC}") = "Softfire.MonoGame.LOG", "Softfire.MonoGame.LOG\Softfire.MonoGame.LOG.csproj", "{D37BC69E-3C06-4B1D-8AB5-B856C51490AA}"
EndProject
Project("{FAE04EC0-301F-11D3-BF4B-00C04F79EFBC}") = "Softfire.MonoGame.SND", "Softfire.MonoGame.SND\Softfire.MonoGame.SND.csproj", "{50823153-F347-4456-A416-B9B07532C2F7}"
EndProject
Project("{FAE04EC0-301F-11D3-BF4B-00C04F79EFBC}") = "Softfire.MonoGame.SM", "Softfire.MonoGame.SM\Softfire.MonoGame.SM.csproj", "{0F27C957-2A7B-4E0F-A7BE-7F5641F92902}"
	ProjectSection(ProjectDependencies) = postProject
		{63D97004-2425-493C-B65B-D5A590941C6F} = {63D97004-2425-493C-B65B-D5A590941C6F}
	EndProjectSection
EndProject
Project("{FAE04EC0-301F-11D3-BF4B-00C04F79EFBC}") = "Softfire.MonoGame.DB", "Softfire.MonoGame.DB\Softfire.MonoGame.DB.csproj", "{0B2F55A9-6D01-4449-8736-A94AEB05833B}"
EndProject
Project("{FAE04EC0-301F-11D3-BF4B-00C04F79EFBC}") = "Softfire.MonoGame.UI.Demos.WinDX", "Softfire.MonoGame.UI.Demos.WinDX\Softfire.MonoGame.UI.Demos.WinDX.csproj", "{EB93C987-AA93-4899-9D1E-1AFAE88E452E}"
EndProject
Project("{FAE04EC0-301F-11D3-BF4B-00C04F79EFBC}") = "Softfire.MonoGame.CORE", "Softfire.MonoGame.CORE\Softfire.MonoGame.CORE.csproj", "{7513E8BC-F38E-454A-9899-22025E1C172A}"
EndProject
Project("{FAE04EC0-301F-11D3-BF4B-00C04F79EFBC}") = "Softfire.MonoGame.PHYS", "Softfire.MonoGame.PHYS\Softfire.MonoGame.PHYS.csproj", "{9A864E2D-6423-40CE-A392-C4C4FCCAC541}"
EndProject
Project("{FAE04EC0-301F-11D3-BF4B-00C04F79EFBC}") = "Softfire.MonoGame.ANIM.Demos.WinDX", "Softfire.MonoGame.ANIM.Demos.WinDX\Softfire.MonoGame.ANIM.Demos.WinDX.csproj", "{C55690DC-0258-4EAF-991F-6C26CE7CBE94}"
EndProject
Project("{FAE04EC0-301F-11D3-BF4B-00C04F79EFBC}") = "Softfire.MonoGame.PHYS.Demos.WinDX", "Softfire.MonoGame.PHYS.Demos.WinDX\Softfire.MonoGame.PHYS.Demos.WinDX.csproj", "{779BB654-D5BB-473B-A850-41B013079212}"
EndProject
Project("{FAE04EC0-301F-11D3-BF4B-00C04F79EFBC}") = "Softfire.MonoGame.IO.V2", "Softfire.MonoGame.IO.V2\Softfire.MonoGame.IO.V2.csproj", "{FF0D018E-D640-407F-891B-E297BEFA3C69}"
EndProject
Project("{FAE04EC0-301F-11D3-BF4B-00C04F79EFBC}") = "Softfire.MonoGame.CORE.V2", "Softfire.MonoGame.CORE.V2\Softfire.MonoGame.CORE.V2.csproj", "{4428C8B1-1E03-433D-8952-7342BC846F25}"
EndProject
Project("{FAE04EC0-301F-11D3-BF4B-00C04F79EFBC}") = "Softfire.MonoGame.ANIM.V2", "Softfire.MonoGame.ANIM.V2\Softfire.MonoGame.ANIM.V2.csproj", "{01CB4EC2-148D-40CA-8482-7C0588E1BD4E}"
EndProject
Project("{FAE04EC0-301F-11D3-BF4B-00C04F79EFBC}") = "Softfire.MonoGame.CD.V2", "Softfire.MonoGame.CD.V2\Softfire.MonoGame.CD.V2.csproj", "{C96188D5-CAC0-4C89-AF14-7252FE56FF0F}"
EndProject
Project("{FAE04EC0-301F-11D3-BF4B-00C04F79EFBC}") = "Softfire.MonoGame.LOG.V2", "Softfire.MonoGame.LOG.V2\Softfire.MonoGame.LOG.V2.csproj", "{1A8465CF-45BB-4139-BBAA-4869C93150F7}"
EndProject
Project("{FAE04EC0-301F-11D3-BF4B-00C04F79EFBC}") = "Softfire.MonoGame.NTWK.V2", "Softfire.MonoGame.NTWK.V2\Softfire.MonoGame.NTWK.V2.csproj", "{EFF40863-DA1C-4F6B-A59C-45C3F83DF323}"
EndProject
Project("{FAE04EC0-301F-11D3-BF4B-00C04F79EFBC}") = "Softfire.MonoGame.PHYS.V2", "Softfire.MonoGame.PHYS.V2\Softfire.MonoGame.PHYS.V2.csproj", "{73E853CD-B1E1-4CE8-8C7F-B1825BD21293}"
EndProject
Project("{FAE04EC0-301F-11D3-BF4B-00C04F79EFBC}") = "Softfire.MonoGame.SM.V2", "Softfire.MonoGame.SM.V2\Softfire.MonoGame.SM.V2.csproj", "{C5396D80-0691-4A9E-B071-E6C4C3173C42}"
EndProject
Project("{FAE04EC0-301F-11D3-BF4B-00C04F79EFBC}") = "Softfire.MonoGame.SND.V2", "Softfire.MonoGame.SND.V2\Softfire.MonoGame.SND.V2.csproj", "{78FDFE46-A32B-419E-BFDE-13D935049A6D}"
EndProject
Project("{FAE04EC0-301F-11D3-BF4B-00C04F79EFBC}") = "Softfire.MonoGame.UI.V2", "Softfire.MonoGame.UI.V2\Softfire.MonoGame.UI.V2.csproj", "{6DF7C269-66A4-4E8C-9D48-E80BF9F64772}"
EndProject
Project("{FAE04EC0-301F-11D3-BF4B-00C04F79EFBC}") = "Softfire.MonoGame.ANIM.Demos.OpenGL", "Softfire.MonoGame.ANIM.Demos.OpenGL\Softfire.MonoGame.ANIM.Demos.OpenGL.csproj", "{311D4742-814B-4A1F-A984-202707D47EEC}"
EndProject
Project("{FAE04EC0-301F-11D3-BF4B-00C04F79EFBC}") = "Softfire.MonoGame.ANIM.Demos.WinDX.V2", "Softfire.MonoGame.ANIM.Demos.WinDX.V2\Softfire.MonoGame.ANIM.Demos.WinDX.V2.csproj", "{9F9CFA37-D6B5-4029-A501-D4921AC21BE4}"
EndProject
Global
	GlobalSection(SolutionConfigurationPlatforms) = preSolution
		Debug|Any CPU = Debug|Any CPU
		Debug|x64 = Debug|x64
		Debug|x86 = Debug|x86
		Release|Any CPU = Release|Any CPU
		Release|x64 = Release|x64
		Release|x86 = Release|x86
	EndGlobalSection
	GlobalSection(ProjectConfigurationPlatforms) = postSolution
		{63D97004-2425-493C-B65B-D5A590941C6F}.Debug|Any CPU.ActiveCfg = Debug|Any CPU
		{63D97004-2425-493C-B65B-D5A590941C6F}.Debug|Any CPU.Build.0 = Debug|Any CPU
		{63D97004-2425-493C-B65B-D5A590941C6F}.Debug|x64.ActiveCfg = Debug|x64
		{63D97004-2425-493C-B65B-D5A590941C6F}.Debug|x64.Build.0 = Debug|x64
		{63D97004-2425-493C-B65B-D5A590941C6F}.Debug|x86.ActiveCfg = Debug|x86
		{63D97004-2425-493C-B65B-D5A590941C6F}.Debug|x86.Build.0 = Debug|x86
		{63D97004-2425-493C-B65B-D5A590941C6F}.Release|Any CPU.ActiveCfg = Release|Any CPU
		{63D97004-2425-493C-B65B-D5A590941C6F}.Release|Any CPU.Build.0 = Release|Any CPU
		{63D97004-2425-493C-B65B-D5A590941C6F}.Release|x64.ActiveCfg = Release|x64
		{63D97004-2425-493C-B65B-D5A590941C6F}.Release|x64.Build.0 = Release|x64
		{63D97004-2425-493C-B65B-D5A590941C6F}.Release|x86.ActiveCfg = Release|x86
		{63D97004-2425-493C-B65B-D5A590941C6F}.Release|x86.Build.0 = Release|x86
		{6E6FABC0-9C17-4517-A53B-A958FBE16E60}.Debug|Any CPU.ActiveCfg = Debug|Any CPU
		{6E6FABC0-9C17-4517-A53B-A958FBE16E60}.Debug|Any CPU.Build.0 = Debug|Any CPU
		{6E6FABC0-9C17-4517-A53B-A958FBE16E60}.Debug|x64.ActiveCfg = Debug|x64
		{6E6FABC0-9C17-4517-A53B-A958FBE16E60}.Debug|x64.Build.0 = Debug|x64
		{6E6FABC0-9C17-4517-A53B-A958FBE16E60}.Debug|x86.ActiveCfg = Debug|x86
		{6E6FABC0-9C17-4517-A53B-A958FBE16E60}.Debug|x86.Build.0 = Debug|x86
		{6E6FABC0-9C17-4517-A53B-A958FBE16E60}.Release|Any CPU.ActiveCfg = Release|Any CPU
		{6E6FABC0-9C17-4517-A53B-A958FBE16E60}.Release|Any CPU.Build.0 = Release|Any CPU
		{6E6FABC0-9C17-4517-A53B-A958FBE16E60}.Release|x64.ActiveCfg = Release|x64
		{6E6FABC0-9C17-4517-A53B-A958FBE16E60}.Release|x64.Build.0 = Release|x64
		{6E6FABC0-9C17-4517-A53B-A958FBE16E60}.Release|x86.ActiveCfg = Release|x86
		{6E6FABC0-9C17-4517-A53B-A958FBE16E60}.Release|x86.Build.0 = Release|x86
		{E05C489F-7628-4F22-99CC-0CB0A1DC9891}.Debug|Any CPU.ActiveCfg = Debug|Any CPU
		{E05C489F-7628-4F22-99CC-0CB0A1DC9891}.Debug|Any CPU.Build.0 = Debug|Any CPU
		{E05C489F-7628-4F22-99CC-0CB0A1DC9891}.Debug|x64.ActiveCfg = Debug|x64
		{E05C489F-7628-4F22-99CC-0CB0A1DC9891}.Debug|x64.Build.0 = Debug|x64
		{E05C489F-7628-4F22-99CC-0CB0A1DC9891}.Debug|x86.ActiveCfg = Debug|x86
		{E05C489F-7628-4F22-99CC-0CB0A1DC9891}.Debug|x86.Build.0 = Debug|x86
		{E05C489F-7628-4F22-99CC-0CB0A1DC9891}.Release|Any CPU.ActiveCfg = Release|Any CPU
		{E05C489F-7628-4F22-99CC-0CB0A1DC9891}.Release|Any CPU.Build.0 = Release|Any CPU
		{E05C489F-7628-4F22-99CC-0CB0A1DC9891}.Release|x64.ActiveCfg = Release|x64
		{E05C489F-7628-4F22-99CC-0CB0A1DC9891}.Release|x64.Build.0 = Release|x64
		{E05C489F-7628-4F22-99CC-0CB0A1DC9891}.Release|x86.ActiveCfg = Release|x86
		{E05C489F-7628-4F22-99CC-0CB0A1DC9891}.Release|x86.Build.0 = Release|x86
		{BAFE0549-3FE1-4F11-B03C-C6BD19D1816A}.Debug|Any CPU.ActiveCfg = Debug|Any CPU
		{BAFE0549-3FE1-4F11-B03C-C6BD19D1816A}.Debug|Any CPU.Build.0 = Debug|Any CPU
		{BAFE0549-3FE1-4F11-B03C-C6BD19D1816A}.Debug|x64.ActiveCfg = Debug|x64
		{BAFE0549-3FE1-4F11-B03C-C6BD19D1816A}.Debug|x64.Build.0 = Debug|x64
		{BAFE0549-3FE1-4F11-B03C-C6BD19D1816A}.Debug|x86.ActiveCfg = Debug|x86
		{BAFE0549-3FE1-4F11-B03C-C6BD19D1816A}.Debug|x86.Build.0 = Debug|x86
		{BAFE0549-3FE1-4F11-B03C-C6BD19D1816A}.Release|Any CPU.ActiveCfg = Release|Any CPU
		{BAFE0549-3FE1-4F11-B03C-C6BD19D1816A}.Release|Any CPU.Build.0 = Release|Any CPU
		{BAFE0549-3FE1-4F11-B03C-C6BD19D1816A}.Release|x64.ActiveCfg = Release|x64
		{BAFE0549-3FE1-4F11-B03C-C6BD19D1816A}.Release|x64.Build.0 = Release|x64
		{BAFE0549-3FE1-4F11-B03C-C6BD19D1816A}.Release|x86.ActiveCfg = Release|x86
		{BAFE0549-3FE1-4F11-B03C-C6BD19D1816A}.Release|x86.Build.0 = Release|x86
		{BF60F748-AB02-47B2-BDCF-20BE64A47E51}.Debug|Any CPU.ActiveCfg = Debug|Any CPU
		{BF60F748-AB02-47B2-BDCF-20BE64A47E51}.Debug|x64.ActiveCfg = Debug|x64
		{BF60F748-AB02-47B2-BDCF-20BE64A47E51}.Debug|x86.ActiveCfg = Debug|x86
		{BF60F748-AB02-47B2-BDCF-20BE64A47E51}.Release|Any CPU.ActiveCfg = Release|Any CPU
		{BF60F748-AB02-47B2-BDCF-20BE64A47E51}.Release|x64.ActiveCfg = Release|x64
		{BF60F748-AB02-47B2-BDCF-20BE64A47E51}.Release|x86.ActiveCfg = Release|x86
		{5F3B52BB-03D7-4874-A172-C28206D3CD62}.Debug|Any CPU.ActiveCfg = Debug|Any CPU
		{5F3B52BB-03D7-4874-A172-C28206D3CD62}.Debug|Any CPU.Build.0 = Debug|Any CPU
		{5F3B52BB-03D7-4874-A172-C28206D3CD62}.Debug|x64.ActiveCfg = Debug|x64
		{5F3B52BB-03D7-4874-A172-C28206D3CD62}.Debug|x64.Build.0 = Debug|x64
		{5F3B52BB-03D7-4874-A172-C28206D3CD62}.Debug|x86.ActiveCfg = Debug|x86
		{5F3B52BB-03D7-4874-A172-C28206D3CD62}.Debug|x86.Build.0 = Debug|x86
		{5F3B52BB-03D7-4874-A172-C28206D3CD62}.Release|Any CPU.ActiveCfg = Release|Any CPU
		{5F3B52BB-03D7-4874-A172-C28206D3CD62}.Release|Any CPU.Build.0 = Release|Any CPU
		{5F3B52BB-03D7-4874-A172-C28206D3CD62}.Release|x64.ActiveCfg = Release|x64
		{5F3B52BB-03D7-4874-A172-C28206D3CD62}.Release|x64.Build.0 = Release|x64
		{5F3B52BB-03D7-4874-A172-C28206D3CD62}.Release|x86.ActiveCfg = Release|x86
		{5F3B52BB-03D7-4874-A172-C28206D3CD62}.Release|x86.Build.0 = Release|x86
		{D37BC69E-3C06-4B1D-8AB5-B856C51490AA}.Debug|Any CPU.ActiveCfg = Debug|Any CPU
		{D37BC69E-3C06-4B1D-8AB5-B856C51490AA}.Debug|Any CPU.Build.0 = Debug|Any CPU
		{D37BC69E-3C06-4B1D-8AB5-B856C51490AA}.Debug|x64.ActiveCfg = Debug|x64
		{D37BC69E-3C06-4B1D-8AB5-B856C51490AA}.Debug|x64.Build.0 = Debug|x64
		{D37BC69E-3C06-4B1D-8AB5-B856C51490AA}.Debug|x86.ActiveCfg = Debug|x86
		{D37BC69E-3C06-4B1D-8AB5-B856C51490AA}.Debug|x86.Build.0 = Debug|x86
		{D37BC69E-3C06-4B1D-8AB5-B856C51490AA}.Release|Any CPU.ActiveCfg = Release|Any CPU
		{D37BC69E-3C06-4B1D-8AB5-B856C51490AA}.Release|Any CPU.Build.0 = Release|Any CPU
		{D37BC69E-3C06-4B1D-8AB5-B856C51490AA}.Release|x64.ActiveCfg = Release|x64
		{D37BC69E-3C06-4B1D-8AB5-B856C51490AA}.Release|x64.Build.0 = Release|x64
		{D37BC69E-3C06-4B1D-8AB5-B856C51490AA}.Release|x86.ActiveCfg = Release|x86
		{D37BC69E-3C06-4B1D-8AB5-B856C51490AA}.Release|x86.Build.0 = Release|x86
		{50823153-F347-4456-A416-B9B07532C2F7}.Debug|Any CPU.ActiveCfg = Debug|Any CPU
		{50823153-F347-4456-A416-B9B07532C2F7}.Debug|Any CPU.Build.0 = Debug|Any CPU
		{50823153-F347-4456-A416-B9B07532C2F7}.Debug|x64.ActiveCfg = Debug|x64
		{50823153-F347-4456-A416-B9B07532C2F7}.Debug|x64.Build.0 = Debug|x64
		{50823153-F347-4456-A416-B9B07532C2F7}.Debug|x86.ActiveCfg = Debug|x86
		{50823153-F347-4456-A416-B9B07532C2F7}.Debug|x86.Build.0 = Debug|x86
		{50823153-F347-4456-A416-B9B07532C2F7}.Release|Any CPU.ActiveCfg = Release|Any CPU
		{50823153-F347-4456-A416-B9B07532C2F7}.Release|Any CPU.Build.0 = Release|Any CPU
		{50823153-F347-4456-A416-B9B07532C2F7}.Release|x64.ActiveCfg = Release|x64
		{50823153-F347-4456-A416-B9B07532C2F7}.Release|x64.Build.0 = Release|x64
		{50823153-F347-4456-A416-B9B07532C2F7}.Release|x86.ActiveCfg = Release|x86
		{50823153-F347-4456-A416-B9B07532C2F7}.Release|x86.Build.0 = Release|x86
		{0F27C957-2A7B-4E0F-A7BE-7F5641F92902}.Debug|Any CPU.ActiveCfg = Debug|Any CPU
		{0F27C957-2A7B-4E0F-A7BE-7F5641F92902}.Debug|Any CPU.Build.0 = Debug|Any CPU
		{0F27C957-2A7B-4E0F-A7BE-7F5641F92902}.Debug|x64.ActiveCfg = Debug|x64
		{0F27C957-2A7B-4E0F-A7BE-7F5641F92902}.Debug|x64.Build.0 = Debug|x64
		{0F27C957-2A7B-4E0F-A7BE-7F5641F92902}.Debug|x86.ActiveCfg = Debug|x86
		{0F27C957-2A7B-4E0F-A7BE-7F5641F92902}.Debug|x86.Build.0 = Debug|x86
		{0F27C957-2A7B-4E0F-A7BE-7F5641F92902}.Release|Any CPU.ActiveCfg = Release|Any CPU
		{0F27C957-2A7B-4E0F-A7BE-7F5641F92902}.Release|Any CPU.Build.0 = Release|Any CPU
		{0F27C957-2A7B-4E0F-A7BE-7F5641F92902}.Release|x64.ActiveCfg = Release|x64
		{0F27C957-2A7B-4E0F-A7BE-7F5641F92902}.Release|x64.Build.0 = Release|x64
		{0F27C957-2A7B-4E0F-A7BE-7F5641F92902}.Release|x86.ActiveCfg = Release|x86
		{0F27C957-2A7B-4E0F-A7BE-7F5641F92902}.Release|x86.Build.0 = Release|x86
		{0B2F55A9-6D01-4449-8736-A94AEB05833B}.Debug|Any CPU.ActiveCfg = Debug|Any CPU
		{0B2F55A9-6D01-4449-8736-A94AEB05833B}.Debug|Any CPU.Build.0 = Debug|Any CPU
		{0B2F55A9-6D01-4449-8736-A94AEB05833B}.Debug|x64.ActiveCfg = Debug|x64
		{0B2F55A9-6D01-4449-8736-A94AEB05833B}.Debug|x64.Build.0 = Debug|x64
		{0B2F55A9-6D01-4449-8736-A94AEB05833B}.Debug|x86.ActiveCfg = Debug|x86
		{0B2F55A9-6D01-4449-8736-A94AEB05833B}.Debug|x86.Build.0 = Debug|x86
		{0B2F55A9-6D01-4449-8736-A94AEB05833B}.Release|Any CPU.ActiveCfg = Release|Any CPU
		{0B2F55A9-6D01-4449-8736-A94AEB05833B}.Release|Any CPU.Build.0 = Release|Any CPU
		{0B2F55A9-6D01-4449-8736-A94AEB05833B}.Release|x64.ActiveCfg = Release|x64
		{0B2F55A9-6D01-4449-8736-A94AEB05833B}.Release|x64.Build.0 = Release|x64
		{0B2F55A9-6D01-4449-8736-A94AEB05833B}.Release|x86.ActiveCfg = Release|x86
		{0B2F55A9-6D01-4449-8736-A94AEB05833B}.Release|x86.Build.0 = Release|x86
		{EB93C987-AA93-4899-9D1E-1AFAE88E452E}.Debug|Any CPU.ActiveCfg = Debug|Any CPU
		{EB93C987-AA93-4899-9D1E-1AFAE88E452E}.Debug|Any CPU.Build.0 = Debug|Any CPU
		{EB93C987-AA93-4899-9D1E-1AFAE88E452E}.Debug|x64.ActiveCfg = Debug|x64
		{EB93C987-AA93-4899-9D1E-1AFAE88E452E}.Debug|x64.Build.0 = Debug|x64
		{EB93C987-AA93-4899-9D1E-1AFAE88E452E}.Debug|x86.ActiveCfg = Debug|x86
		{EB93C987-AA93-4899-9D1E-1AFAE88E452E}.Debug|x86.Build.0 = Debug|x86
		{EB93C987-AA93-4899-9D1E-1AFAE88E452E}.Release|Any CPU.ActiveCfg = Release|Any CPU
		{EB93C987-AA93-4899-9D1E-1AFAE88E452E}.Release|Any CPU.Build.0 = Release|Any CPU
		{EB93C987-AA93-4899-9D1E-1AFAE88E452E}.Release|x64.ActiveCfg = Release|x64
		{EB93C987-AA93-4899-9D1E-1AFAE88E452E}.Release|x64.Build.0 = Release|x64
		{EB93C987-AA93-4899-9D1E-1AFAE88E452E}.Release|x86.ActiveCfg = Release|x86
		{EB93C987-AA93-4899-9D1E-1AFAE88E452E}.Release|x86.Build.0 = Release|x86
		{7513E8BC-F38E-454A-9899-22025E1C172A}.Debug|Any CPU.ActiveCfg = Debug|Any CPU
		{7513E8BC-F38E-454A-9899-22025E1C172A}.Debug|Any CPU.Build.0 = Debug|Any CPU
		{7513E8BC-F38E-454A-9899-22025E1C172A}.Debug|x64.ActiveCfg = Debug|x64
		{7513E8BC-F38E-454A-9899-22025E1C172A}.Debug|x64.Build.0 = Debug|x64
		{7513E8BC-F38E-454A-9899-22025E1C172A}.Debug|x86.ActiveCfg = Debug|x86
		{7513E8BC-F38E-454A-9899-22025E1C172A}.Debug|x86.Build.0 = Debug|x86
		{7513E8BC-F38E-454A-9899-22025E1C172A}.Release|Any CPU.ActiveCfg = Release|Any CPU
		{7513E8BC-F38E-454A-9899-22025E1C172A}.Release|Any CPU.Build.0 = Release|Any CPU
		{7513E8BC-F38E-454A-9899-22025E1C172A}.Release|x64.ActiveCfg = Release|x64
		{7513E8BC-F38E-454A-9899-22025E1C172A}.Release|x64.Build.0 = Release|x64
		{7513E8BC-F38E-454A-9899-22025E1C172A}.Release|x86.ActiveCfg = Release|x86
		{7513E8BC-F38E-454A-9899-22025E1C172A}.Release|x86.Build.0 = Release|x86
		{9A864E2D-6423-40CE-A392-C4C4FCCAC541}.Debug|Any CPU.ActiveCfg = Debug|Any CPU
		{9A864E2D-6423-40CE-A392-C4C4FCCAC541}.Debug|Any CPU.Build.0 = Debug|Any CPU
		{9A864E2D-6423-40CE-A392-C4C4FCCAC541}.Debug|x64.ActiveCfg = Debug|x64
		{9A864E2D-6423-40CE-A392-C4C4FCCAC541}.Debug|x64.Build.0 = Debug|x64
		{9A864E2D-6423-40CE-A392-C4C4FCCAC541}.Debug|x86.ActiveCfg = Debug|x86
		{9A864E2D-6423-40CE-A392-C4C4FCCAC541}.Debug|x86.Build.0 = Debug|x86
		{9A864E2D-6423-40CE-A392-C4C4FCCAC541}.Release|Any CPU.ActiveCfg = Release|Any CPU
		{9A864E2D-6423-40CE-A392-C4C4FCCAC541}.Release|Any CPU.Build.0 = Release|Any CPU
		{9A864E2D-6423-40CE-A392-C4C4FCCAC541}.Release|x64.ActiveCfg = Release|x64
		{9A864E2D-6423-40CE-A392-C4C4FCCAC541}.Release|x64.Build.0 = Release|x64
		{9A864E2D-6423-40CE-A392-C4C4FCCAC541}.Release|x86.ActiveCfg = Release|x86
		{9A864E2D-6423-40CE-A392-C4C4FCCAC541}.Release|x86.Build.0 = Release|x86
		{C55690DC-0258-4EAF-991F-6C26CE7CBE94}.Debug|Any CPU.ActiveCfg = Debug|Any CPU
		{C55690DC-0258-4EAF-991F-6C26CE7CBE94}.Debug|Any CPU.Build.0 = Debug|Any CPU
		{C55690DC-0258-4EAF-991F-6C26CE7CBE94}.Debug|x64.ActiveCfg = Debug|x64
		{C55690DC-0258-4EAF-991F-6C26CE7CBE94}.Debug|x64.Build.0 = Debug|x64
		{C55690DC-0258-4EAF-991F-6C26CE7CBE94}.Debug|x86.ActiveCfg = Debug|x86
		{C55690DC-0258-4EAF-991F-6C26CE7CBE94}.Debug|x86.Build.0 = Debug|x86
		{C55690DC-0258-4EAF-991F-6C26CE7CBE94}.Release|Any CPU.ActiveCfg = Release|Any CPU
		{C55690DC-0258-4EAF-991F-6C26CE7CBE94}.Release|Any CPU.Build.0 = Release|Any CPU
		{C55690DC-0258-4EAF-991F-6C26CE7CBE94}.Release|x64.ActiveCfg = Release|x64
		{C55690DC-0258-4EAF-991F-6C26CE7CBE94}.Release|x64.Build.0 = Release|x64
		{C55690DC-0258-4EAF-991F-6C26CE7CBE94}.Release|x86.ActiveCfg = Release|x86
		{C55690DC-0258-4EAF-991F-6C26CE7CBE94}.Release|x86.Build.0 = Release|x86
		{779BB654-D5BB-473B-A850-41B013079212}.Debug|Any CPU.ActiveCfg = Debug|Any CPU
		{779BB654-D5BB-473B-A850-41B013079212}.Debug|Any CPU.Build.0 = Debug|Any CPU
		{779BB654-D5BB-473B-A850-41B013079212}.Debug|x64.ActiveCfg = Debug|x64
		{779BB654-D5BB-473B-A850-41B013079212}.Debug|x64.Build.0 = Debug|x64
		{779BB654-D5BB-473B-A850-41B013079212}.Debug|x86.ActiveCfg = Debug|x86
		{779BB654-D5BB-473B-A850-41B013079212}.Debug|x86.Build.0 = Debug|x86
		{779BB654-D5BB-473B-A850-41B013079212}.Release|Any CPU.ActiveCfg = Release|Any CPU
		{779BB654-D5BB-473B-A850-41B013079212}.Release|Any CPU.Build.0 = Release|Any CPU
		{779BB654-D5BB-473B-A850-41B013079212}.Release|x64.ActiveCfg = Release|x64
		{779BB654-D5BB-473B-A850-41B013079212}.Release|x64.Build.0 = Release|x64
		{779BB654-D5BB-473B-A850-41B013079212}.Release|x86.ActiveCfg = Release|x86
		{779BB654-D5BB-473B-A850-41B013079212}.Release|x86.Build.0 = Release|x86
		{FF0D018E-D640-407F-891B-E297BEFA3C69}.Debug|Any CPU.ActiveCfg = Debug|Any CPU
		{FF0D018E-D640-407F-891B-E297BEFA3C69}.Debug|Any CPU.Build.0 = Debug|Any CPU
		{FF0D018E-D640-407F-891B-E297BEFA3C69}.Debug|x64.ActiveCfg = Debug|Any CPU
		{FF0D018E-D640-407F-891B-E297BEFA3C69}.Debug|x64.Build.0 = Debug|Any CPU
		{FF0D018E-D640-407F-891B-E297BEFA3C69}.Debug|x86.ActiveCfg = Debug|Any CPU
		{FF0D018E-D640-407F-891B-E297BEFA3C69}.Debug|x86.Build.0 = Debug|Any CPU
		{FF0D018E-D640-407F-891B-E297BEFA3C69}.Release|Any CPU.ActiveCfg = Release|Any CPU
		{FF0D018E-D640-407F-891B-E297BEFA3C69}.Release|Any CPU.Build.0 = Release|Any CPU
		{FF0D018E-D640-407F-891B-E297BEFA3C69}.Release|x64.ActiveCfg = Release|Any CPU
		{FF0D018E-D640-407F-891B-E297BEFA3C69}.Release|x64.Build.0 = Release|Any CPU
		{FF0D018E-D640-407F-891B-E297BEFA3C69}.Release|x86.ActiveCfg = Release|Any CPU
		{FF0D018E-D640-407F-891B-E297BEFA3C69}.Release|x86.Build.0 = Release|Any CPU
		{4428C8B1-1E03-433D-8952-7342BC846F25}.Debug|Any CPU.ActiveCfg = Debug|Any CPU
		{4428C8B1-1E03-433D-8952-7342BC846F25}.Debug|Any CPU.Build.0 = Debug|Any CPU
		{4428C8B1-1E03-433D-8952-7342BC846F25}.Debug|x64.ActiveCfg = Debug|Any CPU
		{4428C8B1-1E03-433D-8952-7342BC846F25}.Debug|x64.Build.0 = Debug|Any CPU
		{4428C8B1-1E03-433D-8952-7342BC846F25}.Debug|x86.ActiveCfg = Debug|Any CPU
		{4428C8B1-1E03-433D-8952-7342BC846F25}.Debug|x86.Build.0 = Debug|Any CPU
		{4428C8B1-1E03-433D-8952-7342BC846F25}.Release|Any CPU.ActiveCfg = Release|Any CPU
		{4428C8B1-1E03-433D-8952-7342BC846F25}.Release|Any CPU.Build.0 = Release|Any CPU
		{4428C8B1-1E03-433D-8952-7342BC846F25}.Release|x64.ActiveCfg = Release|Any CPU
		{4428C8B1-1E03-433D-8952-7342BC846F25}.Release|x64.Build.0 = Release|Any CPU
		{4428C8B1-1E03-433D-8952-7342BC846F25}.Release|x86.ActiveCfg = Release|Any CPU
		{4428C8B1-1E03-433D-8952-7342BC846F25}.Release|x86.Build.0 = Release|Any CPU
		{01CB4EC2-148D-40CA-8482-7C0588E1BD4E}.Debug|Any CPU.ActiveCfg = Debug|Any CPU
		{01CB4EC2-148D-40CA-8482-7C0588E1BD4E}.Debug|Any CPU.Build.0 = Debug|Any CPU
		{01CB4EC2-148D-40CA-8482-7C0588E1BD4E}.Debug|x64.ActiveCfg = Debug|Any CPU
		{01CB4EC2-148D-40CA-8482-7C0588E1BD4E}.Debug|x64.Build.0 = Debug|Any CPU
		{01CB4EC2-148D-40CA-8482-7C0588E1BD4E}.Debug|x86.ActiveCfg = Debug|Any CPU
		{01CB4EC2-148D-40CA-8482-7C0588E1BD4E}.Debug|x86.Build.0 = Debug|Any CPU
		{01CB4EC2-148D-40CA-8482-7C0588E1BD4E}.Release|Any CPU.ActiveCfg = Release|Any CPU
		{01CB4EC2-148D-40CA-8482-7C0588E1BD4E}.Release|Any CPU.Build.0 = Release|Any CPU
		{01CB4EC2-148D-40CA-8482-7C0588E1BD4E}.Release|x64.ActiveCfg = Release|Any CPU
		{01CB4EC2-148D-40CA-8482-7C0588E1BD4E}.Release|x64.Build.0 = Release|Any CPU
		{01CB4EC2-148D-40CA-8482-7C0588E1BD4E}.Release|x86.ActiveCfg = Release|Any CPU
		{01CB4EC2-148D-40CA-8482-7C0588E1BD4E}.Release|x86.Build.0 = Release|Any CPU
		{C96188D5-CAC0-4C89-AF14-7252FE56FF0F}.Debug|Any CPU.ActiveCfg = Debug|Any CPU
		{C96188D5-CAC0-4C89-AF14-7252FE56FF0F}.Debug|Any CPU.Build.0 = Debug|Any CPU
		{C96188D5-CAC0-4C89-AF14-7252FE56FF0F}.Debug|x64.ActiveCfg = Debug|Any CPU
		{C96188D5-CAC0-4C89-AF14-7252FE56FF0F}.Debug|x64.Build.0 = Debug|Any CPU
		{C96188D5-CAC0-4C89-AF14-7252FE56FF0F}.Debug|x86.ActiveCfg = Debug|Any CPU
		{C96188D5-CAC0-4C89-AF14-7252FE56FF0F}.Debug|x86.Build.0 = Debug|Any CPU
		{C96188D5-CAC0-4C89-AF14-7252FE56FF0F}.Release|Any CPU.ActiveCfg = Release|Any CPU
		{C96188D5-CAC0-4C89-AF14-7252FE56FF0F}.Release|Any CPU.Build.0 = Release|Any CPU
		{C96188D5-CAC0-4C89-AF14-7252FE56FF0F}.Release|x64.ActiveCfg = Release|Any CPU
		{C96188D5-CAC0-4C89-AF14-7252FE56FF0F}.Release|x64.Build.0 = Release|Any CPU
		{C96188D5-CAC0-4C89-AF14-7252FE56FF0F}.Release|x86.ActiveCfg = Release|Any CPU
		{C96188D5-CAC0-4C89-AF14-7252FE56FF0F}.Release|x86.Build.0 = Release|Any CPU
		{1A8465CF-45BB-4139-BBAA-4869C93150F7}.Debug|Any CPU.ActiveCfg = Debug|Any CPU
		{1A8465CF-45BB-4139-BBAA-4869C93150F7}.Debug|Any CPU.Build.0 = Debug|Any CPU
		{1A8465CF-45BB-4139-BBAA-4869C93150F7}.Debug|x64.ActiveCfg = Debug|Any CPU
		{1A8465CF-45BB-4139-BBAA-4869C93150F7}.Debug|x64.Build.0 = Debug|Any CPU
		{1A8465CF-45BB-4139-BBAA-4869C93150F7}.Debug|x86.ActiveCfg = Debug|Any CPU
		{1A8465CF-45BB-4139-BBAA-4869C93150F7}.Debug|x86.Build.0 = Debug|Any CPU
		{1A8465CF-45BB-4139-BBAA-4869C93150F7}.Release|Any CPU.ActiveCfg = Release|Any CPU
		{1A8465CF-45BB-4139-BBAA-4869C93150F7}.Release|Any CPU.Build.0 = Release|Any CPU
		{1A8465CF-45BB-4139-BBAA-4869C93150F7}.Release|x64.ActiveCfg = Release|Any CPU
		{1A8465CF-45BB-4139-BBAA-4869C93150F7}.Release|x64.Build.0 = Release|Any CPU
		{1A8465CF-45BB-4139-BBAA-4869C93150F7}.Release|x86.ActiveCfg = Release|Any CPU
		{1A8465CF-45BB-4139-BBAA-4869C93150F7}.Release|x86.Build.0 = Release|Any CPU
		{EFF40863-DA1C-4F6B-A59C-45C3F83DF323}.Debug|Any CPU.ActiveCfg = Debug|Any CPU
		{EFF40863-DA1C-4F6B-A59C-45C3F83DF323}.Debug|Any CPU.Build.0 = Debug|Any CPU
		{EFF40863-DA1C-4F6B-A59C-45C3F83DF323}.Debug|x64.ActiveCfg = Debug|Any CPU
		{EFF40863-DA1C-4F6B-A59C-45C3F83DF323}.Debug|x64.Build.0 = Debug|Any CPU
		{EFF40863-DA1C-4F6B-A59C-45C3F83DF323}.Debug|x86.ActiveCfg = Debug|Any CPU
		{EFF40863-DA1C-4F6B-A59C-45C3F83DF323}.Debug|x86.Build.0 = Debug|Any CPU
		{EFF40863-DA1C-4F6B-A59C-45C3F83DF323}.Release|Any CPU.ActiveCfg = Release|Any CPU
		{EFF40863-DA1C-4F6B-A59C-45C3F83DF323}.Release|Any CPU.Build.0 = Release|Any CPU
		{EFF40863-DA1C-4F6B-A59C-45C3F83DF323}.Release|x64.ActiveCfg = Release|Any CPU
		{EFF40863-DA1C-4F6B-A59C-45C3F83DF323}.Release|x64.Build.0 = Release|Any CPU
		{EFF40863-DA1C-4F6B-A59C-45C3F83DF323}.Release|x86.ActiveCfg = Release|Any CPU
		{EFF40863-DA1C-4F6B-A59C-45C3F83DF323}.Release|x86.Build.0 = Release|Any CPU
		{73E853CD-B1E1-4CE8-8C7F-B1825BD21293}.Debug|Any CPU.ActiveCfg = Debug|Any CPU
		{73E853CD-B1E1-4CE8-8C7F-B1825BD21293}.Debug|Any CPU.Build.0 = Debug|Any CPU
		{73E853CD-B1E1-4CE8-8C7F-B1825BD21293}.Debug|x64.ActiveCfg = Debug|Any CPU
		{73E853CD-B1E1-4CE8-8C7F-B1825BD21293}.Debug|x64.Build.0 = Debug|Any CPU
		{73E853CD-B1E1-4CE8-8C7F-B1825BD21293}.Debug|x86.ActiveCfg = Debug|Any CPU
		{73E853CD-B1E1-4CE8-8C7F-B1825BD21293}.Debug|x86.Build.0 = Debug|Any CPU
		{73E853CD-B1E1-4CE8-8C7F-B1825BD21293}.Release|Any CPU.ActiveCfg = Release|Any CPU
		{73E853CD-B1E1-4CE8-8C7F-B1825BD21293}.Release|Any CPU.Build.0 = Release|Any CPU
		{73E853CD-B1E1-4CE8-8C7F-B1825BD21293}.Release|x64.ActiveCfg = Release|Any CPU
		{73E853CD-B1E1-4CE8-8C7F-B1825BD21293}.Release|x64.Build.0 = Release|Any CPU
		{73E853CD-B1E1-4CE8-8C7F-B1825BD21293}.Release|x86.ActiveCfg = Release|Any CPU
		{73E853CD-B1E1-4CE8-8C7F-B1825BD21293}.Release|x86.Build.0 = Release|Any CPU
		{C5396D80-0691-4A9E-B071-E6C4C3173C42}.Debug|Any CPU.ActiveCfg = Debug|Any CPU
		{C5396D80-0691-4A9E-B071-E6C4C3173C42}.Debug|Any CPU.Build.0 = Debug|Any CPU
		{C5396D80-0691-4A9E-B071-E6C4C3173C42}.Debug|x64.ActiveCfg = Debug|Any CPU
		{C5396D80-0691-4A9E-B071-E6C4C3173C42}.Debug|x64.Build.0 = Debug|Any CPU
		{C5396D80-0691-4A9E-B071-E6C4C3173C42}.Debug|x86.ActiveCfg = Debug|Any CPU
		{C5396D80-0691-4A9E-B071-E6C4C3173C42}.Debug|x86.Build.0 = Debug|Any CPU
		{C5396D80-0691-4A9E-B071-E6C4C3173C42}.Release|Any CPU.ActiveCfg = Release|Any CPU
		{C5396D80-0691-4A9E-B071-E6C4C3173C42}.Release|Any CPU.Build.0 = Release|Any CPU
		{C5396D80-0691-4A9E-B071-E6C4C3173C42}.Release|x64.ActiveCfg = Release|Any CPU
		{C5396D80-0691-4A9E-B071-E6C4C3173C42}.Release|x64.Build.0 = Release|Any CPU
		{C5396D80-0691-4A9E-B071-E6C4C3173C42}.Release|x86.ActiveCfg = Release|Any CPU
		{C5396D80-0691-4A9E-B071-E6C4C3173C42}.Release|x86.Build.0 = Release|Any CPU
		{78FDFE46-A32B-419E-BFDE-13D935049A6D}.Debug|Any CPU.ActiveCfg = Debug|Any CPU
		{78FDFE46-A32B-419E-BFDE-13D935049A6D}.Debug|Any CPU.Build.0 = Debug|Any CPU
		{78FDFE46-A32B-419E-BFDE-13D935049A6D}.Debug|x64.ActiveCfg = Debug|Any CPU
		{78FDFE46-A32B-419E-BFDE-13D935049A6D}.Debug|x64.Build.0 = Debug|Any CPU
		{78FDFE46-A32B-419E-BFDE-13D935049A6D}.Debug|x86.ActiveCfg = Debug|Any CPU
		{78FDFE46-A32B-419E-BFDE-13D935049A6D}.Debug|x86.Build.0 = Debug|Any CPU
		{78FDFE46-A32B-419E-BFDE-13D935049A6D}.Release|Any CPU.ActiveCfg = Release|Any CPU
		{78FDFE46-A32B-419E-BFDE-13D935049A6D}.Release|Any CPU.Build.0 = Release|Any CPU
		{78FDFE46-A32B-419E-BFDE-13D935049A6D}.Release|x64.ActiveCfg = Release|Any CPU
		{78FDFE46-A32B-419E-BFDE-13D935049A6D}.Release|x64.Build.0 = Release|Any CPU
		{78FDFE46-A32B-419E-BFDE-13D935049A6D}.Release|x86.ActiveCfg = Release|Any CPU
		{78FDFE46-A32B-419E-BFDE-13D935049A6D}.Release|x86.Build.0 = Release|Any CPU
		{6DF7C269-66A4-4E8C-9D48-E80BF9F64772}.Debug|Any CPU.ActiveCfg = Debug|Any CPU
		{6DF7C269-66A4-4E8C-9D48-E80BF9F64772}.Debug|Any CPU.Build.0 = Debug|Any CPU
		{6DF7C269-66A4-4E8C-9D48-E80BF9F64772}.Debug|x64.ActiveCfg = Debug|Any CPU
		{6DF7C269-66A4-4E8C-9D48-E80BF9F64772}.Debug|x64.Build.0 = Debug|Any CPU
		{6DF7C269-66A4-4E8C-9D48-E80BF9F64772}.Debug|x86.ActiveCfg = Debug|Any CPU
		{6DF7C269-66A4-4E8C-9D48-E80BF9F64772}.Debug|x86.Build.0 = Debug|Any CPU
		{6DF7C269-66A4-4E8C-9D48-E80BF9F64772}.Release|Any CPU.ActiveCfg = Release|Any CPU
		{6DF7C269-66A4-4E8C-9D48-E80BF9F64772}.Release|Any CPU.Build.0 = Release|Any CPU
		{6DF7C269-66A4-4E8C-9D48-E80BF9F64772}.Release|x64.ActiveCfg = Release|Any CPU
		{6DF7C269-66A4-4E8C-9D48-E80BF9F64772}.Release|x64.Build.0 = Release|Any CPU
		{6DF7C269-66A4-4E8C-9D48-E80BF9F64772}.Release|x86.ActiveCfg = Release|Any CPU
		{6DF7C269-66A4-4E8C-9D48-E80BF9F64772}.Release|x86.Build.0 = Release|Any CPU
		{311D4742-814B-4A1F-A984-202707D47EEC}.Debug|Any CPU.ActiveCfg = Debug|Any CPU
		{311D4742-814B-4A1F-A984-202707D47EEC}.Debug|Any CPU.Build.0 = Debug|Any CPU
		{311D4742-814B-4A1F-A984-202707D47EEC}.Debug|x64.ActiveCfg = Debug|Any CPU
		{311D4742-814B-4A1F-A984-202707D47EEC}.Debug|x64.Build.0 = Debug|Any CPU
		{311D4742-814B-4A1F-A984-202707D47EEC}.Debug|x86.ActiveCfg = Debug|Any CPU
		{311D4742-814B-4A1F-A984-202707D47EEC}.Debug|x86.Build.0 = Debug|Any CPU
		{311D4742-814B-4A1F-A984-202707D47EEC}.Release|Any CPU.ActiveCfg = Release|Any CPU
		{311D4742-814B-4A1F-A984-202707D47EEC}.Release|Any CPU.Build.0 = Release|Any CPU
		{311D4742-814B-4A1F-A984-202707D47EEC}.Release|x64.ActiveCfg = Release|Any CPU
		{311D4742-814B-4A1F-A984-202707D47EEC}.Release|x64.Build.0 = Release|Any CPU
		{311D4742-814B-4A1F-A984-202707D47EEC}.Release|x86.ActiveCfg = Release|Any CPU
		{311D4742-814B-4A1F-A984-202707D47EEC}.Release|x86.Build.0 = Release|Any CPU
		{9F9CFA37-D6B5-4029-A501-D4921AC21BE4}.Debug|Any CPU.ActiveCfg = Debug|Any CPU
		{9F9CFA37-D6B5-4029-A501-D4921AC21BE4}.Debug|Any CPU.Build.0 = Debug|Any CPU
		{9F9CFA37-D6B5-4029-A501-D4921AC21BE4}.Debug|x64.ActiveCfg = Debug|Any CPU
		{9F9CFA37-D6B5-4029-A501-D4921AC21BE4}.Debug|x64.Build.0 = Debug|Any CPU
		{9F9CFA37-D6B5-4029-A501-D4921AC21BE4}.Debug|x86.ActiveCfg = Debug|Any CPU
		{9F9CFA37-D6B5-4029-A501-D4921AC21BE4}.Debug|x86.Build.0 = Debug|Any CPU
		{9F9CFA37-D6B5-4029-A501-D4921AC21BE4}.Release|Any CPU.ActiveCfg = Release|Any CPU
		{9F9CFA37-D6B5-4029-A501-D4921AC21BE4}.Release|Any CPU.Build.0 = Release|Any CPU
		{9F9CFA37-D6B5-4029-A501-D4921AC21BE4}.Release|x64.ActiveCfg = Release|Any CPU
		{9F9CFA37-D6B5-4029-A501-D4921AC21BE4}.Release|x64.Build.0 = Release|Any CPU
		{9F9CFA37-D6B5-4029-A501-D4921AC21BE4}.Release|x86.ActiveCfg = Release|Any CPU
		{9F9CFA37-D6B5-4029-A501-D4921AC21BE4}.Release|x86.Build.0 = Release|Any CPU
	EndGlobalSection
	GlobalSection(SolutionProperties) = preSolution
		HideSolutionNode = FALSE
	EndGlobalSection
	GlobalSection(ExtensibilityGlobals) = postSolution
		SolutionGuid = {875C3FB8-2EA0-49AE-8AB5-35A0056549E6}
	EndGlobalSection
EndGlobal
