Microsoft Visual Studio Solution File, Format Version 12.00
# Visual Studio 15
VisualStudioVersion = 15.0.27130.2024
MinimumVisualStudioVersion = 10.0.40219.1
Project("{FAE04EC0-301F-11D3-BF4B-00C04F79EFBC}") = "Softfire.MonoGame.IO", "Softfire.MonoGame.IO\Softfire.MonoGame.IO.csproj", "{63D97004-2425-493C-B65B-D5A590941C6F}"
	ProjectSection(ProjectDependencies) = postProject
		{E05C489F-7628-4F22-99CC-0CB0A1DC9891} = {E05C489F-7628-4F22-99CC-0CB0A1DC9891}
	EndProjectSection
EndProject
Project("{FAE04EC0-301F-11D3-BF4B-00C04F79EFBC}") = "Softfire.MonoGame.UTIL", "Softfire.MonoGame.UTIL\Softfire.MonoGame.UTIL.csproj", "{1A3AFFDC-A2D8-4A88-AEC4-EFC222DDB54A}"
EndProject
Project("{FAE04EC0-301F-11D3-BF4B-00C04F79EFBC}") = "Softfire.MonoGame.CD", "Softfire.MonoGame.CD\Softfire.MonoGame.CD.csproj", "{6E6FABC0-9C17-4517-A53B-A958FBE16E60}"
EndProject
Project("{FAE04EC0-301F-11D3-BF4B-00C04F79EFBC}") = "Softfire.MonoGame.ANIM", "Softfire.MonoGame.ANIM\Softfire.MonoGame.ANIM.csproj", "{E05C489F-7628-4F22-99CC-0CB0A1DC9891}"
EndProject
Project("{FAE04EC0-301F-11D3-BF4B-00C04F79EFBC}") = "Softfire.MonoGame.UI", "Softfire.MonoGame.UI\Softfire.MonoGame.UI.csproj", "{BAFE0549-3FE1-4F11-B03C-C6BD19D1816A}"
EndProject
Project("{FAE04EC0-301F-11D3-BF4B-00C04F79EFBC}") = "Softfire.MonoGame.UTESTS", "Softfire.MonoGame.UTESTS\Softfire.MonoGame.UTESTS.csproj", "{BF60F748-AB02-47B2-BDCF-20BE64A47E51}"
	ProjectSection(ProjectDependencies) = postProject
		{63D97004-2425-493C-B65B-D5A590941C6F} = {63D97004-2425-493C-B65B-D5A590941C6F}
		{5F3B52BB-03D7-4874-A172-C28206D3CD62} = {5F3B52BB-03D7-4874-A172-C28206D3CD62}
	EndProjectSection
EndProject
Project("{FAE04EC0-301F-11D3-BF4B-00C04F79EFBC}") = "Softfire.MonoGame.NTWK", "Softfire.MonoGame.NTWK\Softfire.MonoGame.NTWK.csproj", "{5F3B52BB-03D7-4874-A172-C28206D3CD62}"
	ProjectSection(ProjectDependencies) = postProject
		{D37BC69E-3C06-4B1D-8AB5-B856C51490AA} = {D37BC69E-3C06-4B1D-8AB5-B856C51490AA}
	EndProjectSection
EndProject
Project("{FAE04EC0-301F-11D3-BF4B-00C04F79EFBC}") = "Softfire.MonoGame.LOG", "Softfire.MonoGame.LOG\Softfire.MonoGame.LOG.csproj", "{D37BC69E-3C06-4B1D-8AB5-B856C51490AA}"
EndProject
Project("{FAE04EC0-301F-11D3-BF4B-00C04F79EFBC}") = "Softfire.MonoGame.SND", "Softfire.MonoGame.SND\Softfire.MonoGame.SND.csproj", "{50823153-F347-4456-A416-B9B07532C2F7}"
EndProject
Project("{FAE04EC0-301F-11D3-BF4B-00C04F79EFBC}") = "Softfire.MonoGame.SM", "Softfire.MonoGame.SM\Softfire.MonoGame.SM.csproj", "{0F27C957-2A7B-4E0F-A7BE-7F5641F92902}"
	ProjectSection(ProjectDependencies) = postProject
		{63D97004-2425-493C-B65B-D5A590941C6F} = {63D97004-2425-493C-B65B-D5A590941C6F}
	EndProjectSection
EndProject
Project("{FAE04EC0-301F-11D3-BF4B-00C04F79EFBC}") = "Softfire.MonoGame.DB", "Softfire.MonoGame.DB\Softfire.MonoGame.DB.csproj", "{0B2F55A9-6D01-4449-8736-A94AEB05833B}"
EndProject
Global
	GlobalSection(SolutionConfigurationPlatforms) = preSolution
		Debug|Any CPU = Debug|Any CPU
		Debug|x64 = Debug|x64
		Release|Any CPU = Release|Any CPU
		Release|x64 = Release|x64
	EndGlobalSection
	GlobalSection(ProjectConfigurationPlatforms) = postSolution
		{63D97004-2425-493C-B65B-D5A590941C6F}.Debug|Any CPU.ActiveCfg = Debug|Any CPU
		{63D97004-2425-493C-B65B-D5A590941C6F}.Debug|Any CPU.Build.0 = Debug|Any CPU
		{63D97004-2425-493C-B65B-D5A590941C6F}.Debug|x64.ActiveCfg = Debug|x64
		{63D97004-2425-493C-B65B-D5A590941C6F}.Debug|x64.Build.0 = Debug|x64
		{63D97004-2425-493C-B65B-D5A590941C6F}.Release|Any CPU.ActiveCfg = Release|Any CPU
		{63D97004-2425-493C-B65B-D5A590941C6F}.Release|Any CPU.Build.0 = Release|Any CPU
		{63D97004-2425-493C-B65B-D5A590941C6F}.Release|x64.ActiveCfg = Release|x64
		{63D97004-2425-493C-B65B-D5A590941C6F}.Release|x64.Build.0 = Release|x64
		{1A3AFFDC-A2D8-4A88-AEC4-EFC222DDB54A}.Debug|Any CPU.ActiveCfg = Debug|Any CPU
		{1A3AFFDC-A2D8-4A88-AEC4-EFC222DDB54A}.Debug|Any CPU.Build.0 = Debug|Any CPU
		{1A3AFFDC-A2D8-4A88-AEC4-EFC222DDB54A}.Debug|x64.ActiveCfg = Debug|x64
		{1A3AFFDC-A2D8-4A88-AEC4-EFC222DDB54A}.Debug|x64.Build.0 = Debug|x64
		{1A3AFFDC-A2D8-4A88-AEC4-EFC222DDB54A}.Release|Any CPU.ActiveCfg = Release|Any CPU
		{1A3AFFDC-A2D8-4A88-AEC4-EFC222DDB54A}.Release|Any CPU.Build.0 = Release|Any CPU
		{1A3AFFDC-A2D8-4A88-AEC4-EFC222DDB54A}.Release|x64.ActiveCfg = Release|x64
		{1A3AFFDC-A2D8-4A88-AEC4-EFC222DDB54A}.Release|x64.Build.0 = Release|x64
		{6E6FABC0-9C17-4517-A53B-A958FBE16E60}.Debug|Any CPU.ActiveCfg = Debug|Any CPU
		{6E6FABC0-9C17-4517-A53B-A958FBE16E60}.Debug|Any CPU.Build.0 = Debug|Any CPU
		{6E6FABC0-9C17-4517-A53B-A958FBE16E60}.Debug|x64.ActiveCfg = Debug|x64
		{6E6FABC0-9C17-4517-A53B-A958FBE16E60}.Debug|x64.Build.0 = Debug|x64
		{6E6FABC0-9C17-4517-A53B-A958FBE16E60}.Release|Any CPU.ActiveCfg = Release|Any CPU
		{6E6FABC0-9C17-4517-A53B-A958FBE16E60}.Release|Any CPU.Build.0 = Release|Any CPU
		{6E6FABC0-9C17-4517-A53B-A958FBE16E60}.Release|x64.ActiveCfg = Release|x64
		{6E6FABC0-9C17-4517-A53B-A958FBE16E60}.Release|x64.Build.0 = Release|x64
		{E05C489F-7628-4F22-99CC-0CB0A1DC9891}.Debug|Any CPU.ActiveCfg = Debug|Any CPU
		{E05C489F-7628-4F22-99CC-0CB0A1DC9891}.Debug|Any CPU.Build.0 = Debug|Any CPU
		{E05C489F-7628-4F22-99CC-0CB0A1DC9891}.Debug|x64.ActiveCfg = Debug|x64
		{E05C489F-7628-4F22-99CC-0CB0A1DC9891}.Debug|x64.Build.0 = Debug|x64
		{E05C489F-7628-4F22-99CC-0CB0A1DC9891}.Release|Any CPU.ActiveCfg = Release|Any CPU
		{E05C489F-7628-4F22-99CC-0CB0A1DC9891}.Release|Any CPU.Build.0 = Release|Any CPU
		{E05C489F-7628-4F22-99CC-0CB0A1DC9891}.Release|x64.ActiveCfg = Release|x64
		{E05C489F-7628-4F22-99CC-0CB0A1DC9891}.Release|x64.Build.0 = Release|x64
		{BAFE0549-3FE1-4F11-B03C-C6BD19D1816A}.Debug|Any CPU.ActiveCfg = Debug|Any CPU
		{BAFE0549-3FE1-4F11-B03C-C6BD19D1816A}.Debug|Any CPU.Build.0 = Debug|Any CPU
		{BAFE0549-3FE1-4F11-B03C-C6BD19D1816A}.Debug|x64.ActiveCfg = Debug|x64
		{BAFE0549-3FE1-4F11-B03C-C6BD19D1816A}.Debug|x64.Build.0 = Debug|x64
		{BAFE0549-3FE1-4F11-B03C-C6BD19D1816A}.Release|Any CPU.ActiveCfg = Release|Any CPU
		{BAFE0549-3FE1-4F11-B03C-C6BD19D1816A}.Release|Any CPU.Build.0 = Release|Any CPU
		{BAFE0549-3FE1-4F11-B03C-C6BD19D1816A}.Release|x64.ActiveCfg = Release|x64
		{BAFE0549-3FE1-4F11-B03C-C6BD19D1816A}.Release|x64.Build.0 = Release|x64
		{BF60F748-AB02-47B2-BDCF-20BE64A47E51}.Debug|Any CPU.ActiveCfg = Debug|Any CPU
		{BF60F748-AB02-47B2-BDCF-20BE64A47E51}.Debug|Any CPU.Build.0 = Debug|Any CPU
		{BF60F748-AB02-47B2-BDCF-20BE64A47E51}.Debug|x64.ActiveCfg = Debug|x64
		{BF60F748-AB02-47B2-BDCF-20BE64A47E51}.Debug|x64.Build.0 = Debug|x64
		{BF60F748-AB02-47B2-BDCF-20BE64A47E51}.Release|Any CPU.ActiveCfg = Release|Any CPU
		{BF60F748-AB02-47B2-BDCF-20BE64A47E51}.Release|Any CPU.Build.0 = Release|Any CPU
		{BF60F748-AB02-47B2-BDCF-20BE64A47E51}.Release|x64.ActiveCfg = Release|Any CPU
		{BF60F748-AB02-47B2-BDCF-20BE64A47E51}.Release|x64.Build.0 = Release|Any CPU
		{5F3B52BB-03D7-4874-A172-C28206D3CD62}.Debug|Any CPU.ActiveCfg = Debug|Any CPU
		{5F3B52BB-03D7-4874-A172-C28206D3CD62}.Debug|Any CPU.Build.0 = Debug|Any CPU
		{5F3B52BB-03D7-4874-A172-C28206D3CD62}.Debug|x64.ActiveCfg = Debug|x64
		{5F3B52BB-03D7-4874-A172-C28206D3CD62}.Debug|x64.Build.0 = Debug|x64
		{5F3B52BB-03D7-4874-A172-C28206D3CD62}.Release|Any CPU.ActiveCfg = Release|Any CPU
		{5F3B52BB-03D7-4874-A172-C28206D3CD62}.Release|Any CPU.Build.0 = Release|Any CPU
		{5F3B52BB-03D7-4874-A172-C28206D3CD62}.Release|x64.ActiveCfg = Release|x64
		{5F3B52BB-03D7-4874-A172-C28206D3CD62}.Release|x64.Build.0 = Release|x64
		{D37BC69E-3C06-4B1D-8AB5-B856C51490AA}.Debug|Any CPU.ActiveCfg = Debug|Any CPU
		{D37BC69E-3C06-4B1D-8AB5-B856C51490AA}.Debug|Any CPU.Build.0 = Debug|Any CPU
		{D37BC69E-3C06-4B1D-8AB5-B856C51490AA}.Debug|x64.ActiveCfg = Debug|x64
		{D37BC69E-3C06-4B1D-8AB5-B856C51490AA}.Debug|x64.Build.0 = Debug|x64
		{D37BC69E-3C06-4B1D-8AB5-B856C51490AA}.Release|Any CPU.ActiveCfg = Release|Any CPU
		{D37BC69E-3C06-4B1D-8AB5-B856C51490AA}.Release|Any CPU.Build.0 = Release|Any CPU
		{D37BC69E-3C06-4B1D-8AB5-B856C51490AA}.Release|x64.ActiveCfg = Release|x64
		{D37BC69E-3C06-4B1D-8AB5-B856C51490AA}.Release|x64.Build.0 = Release|x64
		{50823153-F347-4456-A416-B9B07532C2F7}.Debug|Any CPU.ActiveCfg = Debug|Any CPU
		{50823153-F347-4456-A416-B9B07532C2F7}.Debug|Any CPU.Build.0 = Debug|Any CPU
		{50823153-F347-4456-A416-B9B07532C2F7}.Debug|x64.ActiveCfg = Debug|x64
		{50823153-F347-4456-A416-B9B07532C2F7}.Debug|x64.Build.0 = Debug|x64
		{50823153-F347-4456-A416-B9B07532C2F7}.Release|Any CPU.ActiveCfg = Release|Any CPU
		{50823153-F347-4456-A416-B9B07532C2F7}.Release|Any CPU.Build.0 = Release|Any CPU
		{50823153-F347-4456-A416-B9B07532C2F7}.Release|x64.ActiveCfg = Release|x64
		{50823153-F347-4456-A416-B9B07532C2F7}.Release|x64.Build.0 = Release|x64
		{0F27C957-2A7B-4E0F-A7BE-7F5641F92902}.Debug|Any CPU.ActiveCfg = Debug|Any CPU
		{0F27C957-2A7B-4E0F-A7BE-7F5641F92902}.Debug|Any CPU.Build.0 = Debug|Any CPU
		{0F27C957-2A7B-4E0F-A7BE-7F5641F92902}.Debug|x64.ActiveCfg = Debug|x64
		{0F27C957-2A7B-4E0F-A7BE-7F5641F92902}.Debug|x64.Build.0 = Debug|x64
		{0F27C957-2A7B-4E0F-A7BE-7F5641F92902}.Release|Any CPU.ActiveCfg = Release|Any CPU
		{0F27C957-2A7B-4E0F-A7BE-7F5641F92902}.Release|Any CPU.Build.0 = Release|Any CPU
		{0F27C957-2A7B-4E0F-A7BE-7F5641F92902}.Release|x64.ActiveCfg = Release|x64
		{0F27C957-2A7B-4E0F-A7BE-7F5641F92902}.Release|x64.Build.0 = Release|x64
		{0B2F55A9-6D01-4449-8736-A94AEB05833B}.Debug|Any CPU.ActiveCfg = Debug|Any CPU
		{0B2F55A9-6D01-4449-8736-A94AEB05833B}.Debug|Any CPU.Build.0 = Debug|Any CPU
		{0B2F55A9-6D01-4449-8736-A94AEB05833B}.Debug|x64.ActiveCfg = Debug|x64
		{0B2F55A9-6D01-4449-8736-A94AEB05833B}.Debug|x64.Build.0 = Debug|x64
		{0B2F55A9-6D01-4449-8736-A94AEB05833B}.Release|Any CPU.ActiveCfg = Release|Any CPU
		{0B2F55A9-6D01-4449-8736-A94AEB05833B}.Release|Any CPU.Build.0 = Release|Any CPU
		{0B2F55A9-6D01-4449-8736-A94AEB05833B}.Release|x64.ActiveCfg = Release|x64
		{0B2F55A9-6D01-4449-8736-A94AEB05833B}.Release|x64.Build.0 = Release|x64
	EndGlobalSection
	GlobalSection(SolutionProperties) = preSolution
		HideSolutionNode = FALSE
	EndGlobalSection
	GlobalSection(ExtensibilityGlobals) = postSolution
		SolutionGuid = {875C3FB8-2EA0-49AE-8AB5-35A0056549E6}
	EndGlobalSection
	GlobalSection(TeamFoundationVersionControl) = preSolution
		SccNumberOfProjects = 12
		SccEnterpriseProvider = {4CA58AB2-18FA-4F8D-95D4-32DDF27D184C}
		SccTeamFoundationServer = https://vstf.softfire.ca:8083/tfs/monogameprojects
		SccLocalPath0 = .
		SccProjectUniqueName1 = Softfire.MonoGame.ANIM\\Softfire.MonoGame.ANIM.csproj
		SccProjectName1 = Softfire.MonoGame.ANIM
		SccLocalPath1 = Softfire.MonoGame.ANIM
		SccProjectUniqueName2 = Softfire.MonoGame.IO\\Softfire.MonoGame.IO.csproj
		SccProjectName2 = Softfire.MonoGame.IO
		SccLocalPath2 = Softfire.MonoGame.IO
		SccProjectUniqueName3 = Softfire.MonoGame.CD\\Softfire.MonoGame.CD.csproj
		SccProjectName3 = Softfire.MonoGame.CD
		SccLocalPath3 = Softfire.MonoGame.CD
		SccProjectUniqueName4 = Softfire.MonoGame.UTIL\\Softfire.MonoGame.UTIL.csproj
		SccProjectName4 = Softfire.MonoGame.UTIL
		SccLocalPath4 = Softfire.MonoGame.UTIL
		SccProjectUniqueName5 = Softfire.MonoGame.UI\\Softfire.MonoGame.UI.csproj
		SccProjectName5 = Softfire.MonoGame.UI
		SccLocalPath5 = Softfire.MonoGame.UI
		SccProjectUniqueName6 = Softfire.MonoGame.UTESTS\\Softfire.MonoGame.UTESTS.csproj
		SccProjectName6 = Softfire.MonoGame.UTESTS
		SccLocalPath6 = Softfire.MonoGame.UTESTS
		SccProjectUniqueName7 = Softfire.MonoGame.NTWK\\Softfire.MonoGame.NTWK.csproj
		SccProjectName7 = Softfire.MonoGame.NTWK
		SccLocalPath7 = Softfire.MonoGame.NTWK
		SccProjectUniqueName8 = Softfire.MonoGame.LOG\\Softfire.MonoGame.LOG.csproj
		SccProjectName8 = Softfire.MonoGame.LOG
		SccLocalPath8 = Softfire.MonoGame.LOG
		SccProjectUniqueName9 = Softfire.MonoGame.SND\\Softfire.MonoGame.SND.csproj
		SccProjectName9 = Softfire.MonoGame.SND
		SccLocalPath9 = Softfire.MonoGame.SND
		SccProjectUniqueName10 = Softfire.MonoGame.SM\\Softfire.MonoGame.SM.csproj
		SccProjectName10 = Softfire.MonoGame.SM
		SccLocalPath10 = Softfire.MonoGame.SM
		SccProjectUniqueName11 = Softfire.MonoGame.DB\\Softfire.MonoGame.DB.csproj
		SccProjectName11 = Softfire.MonoGame.DB
		SccLocalPath11 = Softfire.MonoGame.DB
	EndGlobalSection
EndGlobal
